
Microsoft Visual Studio Solution File, Format Version 12.00
# Visual Studio Version 16
VisualStudioVersion = 16.0.30011.22
MinimumVisualStudioVersion = 10.0.40219.1
Project("{FAE04EC0-301F-11D3-BF4B-00C04F79EFBC}") = "XamarinTimesheet.Android", "XamarinTimesheet\XamarinTimesheet.Android\XamarinTimesheet.Android.csproj", "{72E62B9A-B979-4BDD-949B-45F7E80119A2}"
EndProject
Project("{FAE04EC0-301F-11D3-BF4B-00C04F79EFBC}") = "XamarinTimesheet", "XamarinTimesheet\XamarinTimesheet\XamarinTimesheet.csproj", "{7249DE74-EE35-4DA8-85F5-838E44048E5D}"
EndProject
Global
	GlobalSection(SolutionConfigurationPlatforms) = preSolution
		Debug|Any CPU = Debug|Any CPU
		Release|Any CPU = Release|Any CPU
	EndGlobalSection
	GlobalSection(ProjectConfigurationPlatforms) = postSolution
		{72E62B9A-B979-4BDD-949B-45F7E80119A2}.Debug|Any CPU.ActiveCfg = Debug|Any CPU
		{72E62B9A-B979-4BDD-949B-45F7E80119A2}.Debug|Any CPU.Build.0 = Debug|Any CPU
		{72E62B9A-B979-4BDD-949B-45F7E80119A2}.Debug|Any CPU.Deploy.0 = Debug|Any CPU
		{72E62B9A-B979-4BDD-949B-45F7E80119A2}.Release|Any CPU.ActiveCfg = Release|Any CPU
		{72E62B9A-B979-4BDD-949B-45F7E80119A2}.Release|Any CPU.Build.0 = Release|Any CPU
		{72E62B9A-B979-4BDD-949B-45F7E80119A2}.Release|Any CPU.Deploy.0 = Release|Any CPU
		{7249DE74-EE35-4DA8-85F5-838E44048E5D}.Debug|Any CPU.ActiveCfg = Debug|Any CPU
		{7249DE74-EE35-4DA8-85F5-838E44048E5D}.Debug|Any CPU.Build.0 = Debug|Any CPU
		{7249DE74-EE35-4DA8-85F5-838E44048E5D}.Debug|Any CPU.Deploy.0 = Debug|Any CPU
		{7249DE74-EE35-4DA8-85F5-838E44048E5D}.Release|Any CPU.ActiveCfg = Release|Any CPU
		{7249DE74-EE35-4DA8-85F5-838E44048E5D}.Release|Any CPU.Build.0 = Release|Any CPU
		{7249DE74-EE35-4DA8-85F5-838E44048E5D}.Release|Any CPU.Deploy.0 = Release|Any CPU
	EndGlobalSection
	GlobalSection(SolutionProperties) = preSolution
		HideSolutionNode = FALSE
	EndGlobalSection
	GlobalSection(ExtensibilityGlobals) = postSolution
		SolutionGuid = {A0FDEA39-277C-4B34-9FFD-AC01A1429953}
	EndGlobalSection
EndGlobal
